{
    "name": "音频播放器",
    "version": "2.0.3",
    "lockfileVersion": 2,
    "requires": true,
    "packages": {
        "": {
            "name": "音频播放器",
            "version": "2.0.3",
            "dependencies": {
                "@dcloudio/uni-ui": "^1.5.5",
                "dayjs": "^1.11.11",
                "qweather-icons": "^1.6.0"
            }
        },
        "node_modules/@dcloudio/uni-ui": {
            "version": "1.5.5",
            "resolved": "https://registry.npmmirror.com/@dcloudio/uni-ui/-/uni-ui-1.5.5.tgz",
            "integrity": "sha512-DTr8o4lcRgu4JJclA2eT7UFVKtglK63OUtcDGysrSeZhgAJAC2gBYm/pYbv0BFxKqxfbdoAFGAFCigCVY9+NAQ=="
        },
        "node_modules/dayjs": {
            "version": "1.11.11",
            "resolved": "https://registry.npmmirror.com/dayjs/-/dayjs-1.11.11.tgz",
            "integrity": "sha512-okzr3f11N6WuqYtZSvm+F776mB41wRZMhKP+hc34YdW+KmtYYK9iqvHSwo2k9FEH3fhGXvOPV6yz2IcSrfRUDg=="
        },
        "node_modules/qweather-icons": {
            "version": "1.6.0",
            "resolved": "https://registry.npmmirror.com/qweather-icons/-/qweather-icons-1.6.0.tgz",
            "integrity": "sha512-uINrSOteHHarEeHRpP37aBnuuwYnWc1eyZ2gbnujoEqOVabIPDiEseF7a9eIOnBn7GZBlo5nYj29eOEfLH/bEA==",
            "engines": {
                "node": ">=10"
            }
        }
    },
    "dependencies": {
        "@dcloudio/uni-ui": {
            "version": "1.5.5",
            "resolved": "https://registry.npmmirror.com/@dcloudio/uni-ui/-/uni-ui-1.5.5.tgz",
            "integrity": "sha512-DTr8o4lcRgu4JJclA2eT7UFVKtglK63OUtcDGysrSeZhgAJAC2gBYm/pYbv0BFxKqxfbdoAFGAFCigCVY9+NAQ=="
        },
        "dayjs": {
            "version": "1.11.11",
            "resolved": "https://registry.npmmirror.com/dayjs/-/dayjs-1.11.11.tgz",
            "integrity": "sha512-okzr3f11N6WuqYtZSvm+F776mB41wRZMhKP+hc34YdW+KmtYYK9iqvHSwo2k9FEH3fhGXvOPV6yz2IcSrfRUDg=="
        },
        "qweather-icons": {
            "version": "1.6.0",
            "resolved": "https://registry.npmmirror.com/qweather-icons/-/qweather-icons-1.6.0.tgz",
            "integrity": "sha512-uINrSOteHHarEeHRpP37aBnuuwYnWc1eyZ2gbnujoEqOVabIPDiEseF7a9eIOnBn7GZBlo5nYj29eOEfLH/bEA=="
        }
    }
}
